schema: '2.0'
stages:
  data_preparation:
    cmd: PYTHONPATH=. python src/data/prepare_data.py
    deps:
    - path: data/test.csv
      hash: md5
      md5: dcec4b79bf9c7317bd9e17789bf888f0
      size: 451405
    - path: data/train.csv
      hash: md5
      md5: 80ccab65fb115cbad143dbbd2bcd5577
      size: 460676
    - path: params.yaml
      hash: md5
      md5: cba04daf283d68601b67f9ca1272b1d5
      size: 314
    - path: src/data/prepare_data.py
      hash: md5
      md5: 48ccd5807ba6155ffcd52b1b03695075
      size: 961
    params:
      params.yaml:
        selected_features:
        - RoofMatl
        - Condition2
        - KitchenQual
        - BsmtQual
        - GrLivArea
        - OverallQual
        - BsmtExposure
        - BldgType
        - SaleType
    outs:
    - path: data/train_data.joblib
      hash: md5
      md5: 60fbe9700b5358e294f87877d17f7cd0
      size: 84143
    - path: data/val_data.joblib
      hash: md5
      md5: deecd965035a98e2066095236569c3ee
      size: 22511
  hyperparameter_tuning:
    cmd: PYTHONPATH=. python src/models/tune_hyperparameters.py
    deps:
    - path: data/train_data.joblib
      hash: md5
      md5: 60fbe9700b5358e294f87877d17f7cd0
      size: 84143
    - path: src/models/pipeline.py
      hash: md5
      md5: b3984428733709d9221f50a41b637621
      size: 901
    - path: src/models/tune_hyperparameters.py
      hash: md5
      md5: b3ba74933b7450c220aa561716244b7d
      size: 2534
    params:
      params.yaml:
        hyperparameter_tuning:
          n_trials: 20
          n_estimators:
            low: 50
            high: 1000
          max_depth:
            low: 3
            high: 15
          learning_rate:
            low: 0.001
            high: 0.3
    outs:
    - path: models/best_params.json
      hash: md5
      md5: d4095d7b556aad8aaf4435ddf3f77f3b
      size: 76
  train:
    cmd: PYTHONPATH=. python src/models/train_model.py
    deps:
    - path: data/train_data.joblib
      hash: md5
      md5: 60fbe9700b5358e294f87877d17f7cd0
      size: 84143
    - path: models/best_params.json
      hash: md5
      md5: d4095d7b556aad8aaf4435ddf3f77f3b
      size: 76
    - path: src/models/pipeline.py
      hash: md5
      md5: b3984428733709d9221f50a41b637621
      size: 901
    - path: src/models/train_model.py
      hash: md5
      md5: 935d9c247e6ac945e5f97538ac6f69d7
      size: 1895
    outs:
    - path: models/pipeline.joblib
      hash: md5
      md5: a3e45d0fb902153613b92b9ca2a22a95
      size: 11316588
  evaluate:
    cmd: PYTHONPATH=. python src/models/evaluate_model.py
    deps:
    - path: data/val_data.joblib
      hash: md5
      md5: deecd965035a98e2066095236569c3ee
      size: 22511
    - path: models/pipeline.joblib
      hash: md5
      md5: a3e45d0fb902153613b92b9ca2a22a95
      size: 11316588
    - path: src/models/evaluate_model.py
      hash: md5
      md5: 378903d8860be8c6e3a793a68967d73f
      size: 1422
    outs:
    - path: models/metrics.json
      hash: md5
      md5: 199d3fac89fff800ccbe6d88012f8ac7
      size: 73
